
Microsoft Visual Studio Solution File, Format Version 12.00
# Visual Studio Version 16
VisualStudioVersion = 16.0.30001.183
MinimumVisualStudioVersion = 10.0.40219.1
Project("{FAE04EC0-301F-11D3-BF4B-00C04F79EFBC}") = "HttpLogging", "HttpLogging.csproj", "{E00336FB-8C62-463E-9BF9-F884980F6901}"
EndProject
Global
	GlobalSection(SolutionConfigurationPlatforms) = preSolution
		Debug|Any CPU = Debug|Any CPU
		Release|Any CPU = Release|Any CPU
	EndGlobalSection
	GlobalSection(ProjectConfigurationPlatforms) = postSolution
		{E00336FB-8C62-463E-9BF9-F884980F6901}.Debug|Any CPU.ActiveCfg = Debug|Any CPU
		{E00336FB-8C62-463E-9BF9-F884980F6901}.Debug|Any CPU.Build.0 = Debug|Any CPU
		{E00336FB-8C62-463E-9BF9-F884980F6901}.Release|Any CPU.ActiveCfg = Release|Any CPU
		{E00336FB-8C62-463E-9BF9-F884980F6901}.Release|Any CPU.Build.0 = Release|Any CPU
	EndGlobalSection
	GlobalSection(SolutionProperties) = preSolution
		HideSolutionNode = FALSE
	EndGlobalSection
	GlobalSection(ExtensibilityGlobals) = postSolution
		SolutionGuid = {D38BF56B-D98B-42DE-B43F-C577E7D8F56B}
	EndGlobalSection
EndGlobal
